
Microsoft Visual Studio Solution File, Format Version 12.00
# Visual Studio Version 17
VisualStudioVersion = 17.8.34511.84
MinimumVisualStudioVersion = 10.0.40219.1
Project("{FAE04EC0-301F-11D3-BF4B-00C04F79EFBC}") = "MovieAPPwithAPI", "MovieAPPwithAPI\MovieAPPwithAPI.csproj", "{AAB21F28-B4CA-42F5-AE6B-A982CA4B72BA}"
EndProject
Global
	GlobalSection(SolutionConfigurationPlatforms) = preSolution
		Debug|Any CPU = Debug|Any CPU
		Release|Any CPU = Release|Any CPU
	EndGlobalSection
	GlobalSection(ProjectConfigurationPlatforms) = postSolution
		{AAB21F28-B4CA-42F5-AE6B-A982CA4B72BA}.Debug|Any CPU.ActiveCfg = Debug|Any CPU
		{AAB21F28-B4CA-42F5-AE6B-A982CA4B72BA}.Debug|Any CPU.Build.0 = Debug|Any CPU
		{AAB21F28-B4CA-42F5-AE6B-A982CA4B72BA}.Release|Any CPU.ActiveCfg = Release|Any CPU
		{AAB21F28-B4CA-42F5-AE6B-A982CA4B72BA}.Release|Any CPU.Build.0 = Release|Any CPU
	EndGlobalSection
	GlobalSection(SolutionProperties) = preSolution
		HideSolutionNode = FALSE
	EndGlobalSection
	GlobalSection(ExtensibilityGlobals) = postSolution
		SolutionGuid = {8B46A99A-1DEE-4B30-BA2F-B033BDE69D5D}
	EndGlobalSection
EndGlobal
